
Microsoft Visual Studio Solution File, Format Version 12.00
# Visual Studio Version 17
VisualStudioVersion = 17.0.31919.166
MinimumVisualStudioVersion = 10.0.40219.1
Project("{FAE04EC0-301F-11D3-BF4B-00C04F79EFBC}") = "UWP-App", "UWP-App\UWP-App.csproj", "{1EDB0209-048B-4257-889B-7342A270610D}"
EndProject
Global
	GlobalSection(SolutionConfigurationPlatforms) = preSolution
		Debug|ARM = Debug|ARM
		Debug|ARM64 = Debug|ARM64
		Debug|x64 = Debug|x64
		Debug|x86 = Debug|x86
		Release|ARM = Release|ARM
		Release|ARM64 = Release|ARM64
		Release|x64 = Release|x64
		Release|x86 = Release|x86
	EndGlobalSection
	GlobalSection(ProjectConfigurationPlatforms) = postSolution
		{1EDB0209-048B-4257-889B-7342A270610D}.Debug|ARM.ActiveCfg = Debug|ARM
		{1EDB0209-048B-4257-889B-7342A270610D}.Debug|ARM.Build.0 = Debug|ARM
		{1EDB0209-048B-4257-889B-7342A270610D}.Debug|ARM.Deploy.0 = Debug|ARM
		{1EDB0209-048B-4257-889B-7342A270610D}.Debug|ARM64.ActiveCfg = Debug|ARM64
		{1EDB0209-048B-4257-889B-7342A270610D}.Debug|ARM64.Build.0 = Debug|ARM64
		{1EDB0209-048B-4257-889B-7342A270610D}.Debug|ARM64.Deploy.0 = Debug|ARM64
		{1EDB0209-048B-4257-889B-7342A270610D}.Debug|x64.ActiveCfg = Debug|x64
		{1EDB0209-048B-4257-889B-7342A270610D}.Debug|x64.Build.0 = Debug|x64
		{1EDB0209-048B-4257-889B-7342A270610D}.Debug|x64.Deploy.0 = Debug|x64
		{1EDB0209-048B-4257-889B-7342A270610D}.Debug|x86.ActiveCfg = Debug|x86
		{1EDB0209-048B-4257-889B-7342A270610D}.Debug|x86.Build.0 = Debug|x86
		{1EDB0209-048B-4257-889B-7342A270610D}.Debug|x86.Deploy.0 = Debug|x86
		{1EDB0209-048B-4257-889B-7342A270610D}.Release|ARM.ActiveCfg = Release|ARM
		{1EDB0209-048B-4257-889B-7342A270610D}.Release|ARM.Build.0 = Release|ARM
		{1EDB0209-048B-4257-889B-7342A270610D}.Release|ARM.Deploy.0 = Release|ARM
		{1EDB0209-048B-4257-889B-7342A270610D}.Release|ARM64.ActiveCfg = Release|ARM64
		{1EDB0209-048B-4257-889B-7342A270610D}.Release|ARM64.Build.0 = Release|ARM64
		{1EDB0209-048B-4257-889B-7342A270610D}.Release|ARM64.Deploy.0 = Release|ARM64
		{1EDB0209-048B-4257-889B-7342A270610D}.Release|x64.ActiveCfg = Release|x64
		{1EDB0209-048B-4257-889B-7342A270610D}.Release|x64.Build.0 = Release|x64
		{1EDB0209-048B-4257-889B-7342A270610D}.Release|x64.Deploy.0 = Release|x64
		{1EDB0209-048B-4257-889B-7342A270610D}.Release|x86.ActiveCfg = Release|x86
		{1EDB0209-048B-4257-889B-7342A270610D}.Release|x86.Build.0 = Release|x86
		{1EDB0209-048B-4257-889B-7342A270610D}.Release|x86.Deploy.0 = Release|x86
	EndGlobalSection
	GlobalSection(SolutionProperties) = preSolution
		HideSolutionNode = FALSE
	EndGlobalSection
	GlobalSection(ExtensibilityGlobals) = postSolution
		SolutionGuid = {17AC302F-1B22-4366-9ED2-F9719AF1F0AB}
	EndGlobalSection
EndGlobal
